{
  "version": "4",
  "specifiers": {
    "jsr:@cgi/core-module@0.0.13": "0.0.13",
    "jsr:@std/path@1.0.8": "1.0.8",
    "jsr:@std/path@^1.0.8": "1.0.8"
  },
  "jsr": {
    "@cgi/core-module@0.0.13": {
      "integrity": "65581f8ddbafa074b63f32fac409b459275bc256d5c7b6e810a546257cf80236",
      "dependencies": [
        "jsr:@std/path@^1.0.8"
      ]
    },
    "@std/path@1.0.8": {
      "integrity": "548fa456bb6a04d3c1a1e7477986b6cffbce95102d0bb447c67c4ee70e0364be"
    }
  },
  "workspace": {
    "dependencies": [
      "jsr:@cgi/core-module@0.0.13",
      "jsr:@std/path@^1.0.8"
    ]
  }
}
